
Microsoft Visual Studio Solution File, Format Version 12.00
# Visual Studio Version 16
VisualStudioVersion = 16.0.29613.14
MinimumVisualStudioVersion = 10.0.40219.1
Project("{FAE04EC0-301F-11D3-BF4B-00C04F79EFBC}") = "ClinicTracker", "ClinicTracker.csproj", "{CE53D407-F98D-48E8-84AE-FB8C9C64CAEA}"
EndProject
Global
	GlobalSection(SolutionConfigurationPlatforms) = preSolution
		Debug|Any CPU = Debug|Any CPU
		Release|Any CPU = Release|Any CPU
	EndGlobalSection
	GlobalSection(ProjectConfigurationPlatforms) = postSolution
		{CE53D407-F98D-48E8-84AE-FB8C9C64CAEA}.Debug|Any CPU.ActiveCfg = Debug|Any CPU
		{CE53D407-F98D-48E8-84AE-FB8C9C64CAEA}.Debug|Any CPU.Build.0 = Debug|Any CPU
		{CE53D407-F98D-48E8-84AE-FB8C9C64CAEA}.Release|Any CPU.ActiveCfg = Release|Any CPU
		{CE53D407-F98D-48E8-84AE-FB8C9C64CAEA}.Release|Any CPU.Build.0 = Release|Any CPU
	EndGlobalSection
	GlobalSection(SolutionProperties) = preSolution
		HideSolutionNode = FALSE
	EndGlobalSection
	GlobalSection(ExtensibilityGlobals) = postSolution
		SolutionGuid = {F316EEB3-34FA-42AC-96D7-51E25B713A77}
	EndGlobalSection
EndGlobal
